
Microsoft Visual Studio Solution File, Format Version 12.00
# Visual Studio Version 17
VisualStudioVersion = 17.10.34916.146
MinimumVisualStudioVersion = 10.0.40219.1
Project("{FAE04EC0-301F-11D3-BF4B-00C04F79EFBC}") = "prSchool", "prSchool\prSchool.csproj", "{FFCC2447-656A-4A98-9892-7EF9F20C7393}"
EndProject
Global
	GlobalSection(SolutionConfigurationPlatforms) = preSolution
		Debug|Any CPU = Debug|Any CPU
		Release|Any CPU = Release|Any CPU
	EndGlobalSection
	GlobalSection(ProjectConfigurationPlatforms) = postSolution
		{FFCC2447-656A-4A98-9892-7EF9F20C7393}.Debug|Any CPU.ActiveCfg = Debug|Any CPU
		{FFCC2447-656A-4A98-9892-7EF9F20C7393}.Debug|Any CPU.Build.0 = Debug|Any CPU
		{FFCC2447-656A-4A98-9892-7EF9F20C7393}.Release|Any CPU.ActiveCfg = Release|Any CPU
		{FFCC2447-656A-4A98-9892-7EF9F20C7393}.Release|Any CPU.Build.0 = Release|Any CPU
	EndGlobalSection
	GlobalSection(SolutionProperties) = preSolution
		HideSolutionNode = FALSE
	EndGlobalSection
	GlobalSection(ExtensibilityGlobals) = postSolution
		SolutionGuid = {85ADC708-BDFA-43E2-802F-4341837950A3}
	EndGlobalSection
EndGlobal
